Microsoft Visual Studio Solution File, Format Version 12.00
# Visual Studio Version 17
VisualStudioVersion = 17.5.2.0
MinimumVisualStudioVersion = 10.0.40219.1
Project("{FAE04EC0-301F-11D3-BF4B-00C04F79EFBC}") = "EscolarApi", "EscolarApi.csproj", "{521E6EA5-FF87-E67B-0DFB-D6D30672E003}"
EndProject
Global
	GlobalSection(SolutionConfigurationPlatforms) = preSolution
		Debug|Any CPU = Debug|Any CPU
		Release|Any CPU = Release|Any CPU
	EndGlobalSection
	GlobalSection(ProjectConfigurationPlatforms) = postSolution
		{521E6EA5-FF87-E67B-0DFB-D6D30672E003}.Debug|Any CPU.ActiveCfg = Debug|Any CPU
		{521E6EA5-FF87-E67B-0DFB-D6D30672E003}.Debug|Any CPU.Build.0 = Debug|Any CPU
		{521E6EA5-FF87-E67B-0DFB-D6D30672E003}.Release|Any CPU.ActiveCfg = Release|Any CPU
		{521E6EA5-FF87-E67B-0DFB-D6D30672E003}.Release|Any CPU.Build.0 = Release|Any CPU
	EndGlobalSection
	GlobalSection(SolutionProperties) = preSolution
		HideSolutionNode = FALSE
	EndGlobalSection
	GlobalSection(ExtensibilityGlobals) = postSolution
		SolutionGuid = {B8F5489F-142B-4B5B-8EC6-C9AD89BE8DCE}
	EndGlobalSection
EndGlobal
